
Microsoft Visual Studio Solution File, Format Version 12.00
# Visual Studio 15
VisualStudioVersion = 15.0.26730.8
MinimumVisualStudioVersion = 10.0.40219.1
Project("{FAE04EC0-301F-11D3-BF4B-00C04F79EFBC}") = "NorthwindAngular4", "NorthwindAngular4\NorthwindAngular4.csproj", "{3ACE8A6A-3370-45C3-9781-30843DD890A1}"
EndProject
Global
	GlobalSection(SolutionConfigurationPlatforms) = preSolution
		Debug|Any CPU = Debug|Any CPU
		Release|Any CPU = Release|Any CPU
	EndGlobalSection
	GlobalSection(ProjectConfigurationPlatforms) = postSolution
		{3ACE8A6A-3370-45C3-9781-30843DD890A1}.Debug|Any CPU.ActiveCfg = Debug|Any CPU
		{3ACE8A6A-3370-45C3-9781-30843DD890A1}.Debug|Any CPU.Build.0 = Debug|Any CPU
		{3ACE8A6A-3370-45C3-9781-30843DD890A1}.Release|Any CPU.ActiveCfg = Release|Any CPU
		{3ACE8A6A-3370-45C3-9781-30843DD890A1}.Release|Any CPU.Build.0 = Release|Any CPU
	EndGlobalSection
	GlobalSection(SolutionProperties) = preSolution
		HideSolutionNode = FALSE
	EndGlobalSection
	GlobalSection(ExtensibilityGlobals) = postSolution
		SolutionGuid = {F5A4292A-B710-4B32-A767-62FF6E01B99B}
	EndGlobalSection
EndGlobal
